
Note: Objects have changed outside of Terraform

Terraform detected the following changes made outside of Terraform since the
last "terraform apply" which may have affected this plan:

  # aws_db_instance.postgres has been deleted
  - resource "aws_db_instance" "postgres" {
      - address                               = "appstack-postgres.c9q6gk2wyr3h.ap-south-1.rds.amazonaws.com" -> null
        id                                    = "db-72RI443OM3NN56F4F54SAP4BJQ"
      - password_wo                           = (write-only attribute) -> null
        tags                                  = {
            "Project" = "AppStack"
        }
        # (70 unchanged attributes hidden)
    }

  # aws_eip.nat has been deleted
  - resource "aws_eip" "nat" {
      - id                       = "eipalloc-0d1d8ec583e7bbe10" -> null
        tags                     = {
            "Name"    = "AppStack-nat-eip"
            "Project" = "AppStack"
        }
        # (18 unchanged attributes hidden)
    }

  # aws_internet_gateway.igw has been deleted
  - resource "aws_internet_gateway" "igw" {
      - id       = "igw-0dbca3f1297b42be0" -> null
        tags     = {
            "Name"    = "AppStack-igw"
            "Project" = "AppStack"
        }
        # (4 unchanged attributes hidden)
    }

  # aws_subnet.public[0] has been deleted
  - resource "aws_subnet" "public" {
      - id                                             = "subnet-06b64acb68c6226a5" -> null
        tags                                           = {
            "Name"    = "AppStack-public-1"
            "Project" = "AppStack"
        }
        # (20 unchanged attributes hidden)
    }


Unless you have made equivalent changes to your configuration, or ignored the
relevant attributes using ignore_changes, the following plan may include
actions to undo or respond to these changes.

─────────────────────────────────────────────────────────────────────────────

Terraform used the selected providers to generate the following execution
plan. Resource actions are indicated with the following symbols:
  + create
  ~ update in-place
 <= read (data resources)

Terraform will perform the following actions:

  # data.aws_iam_policy_document.ec2_inline will be read during apply
  # (config refers to values not yet known)
 <= data "aws_iam_policy_document" "ec2_inline" {
      + id            = (known after apply)
      + json          = (known after apply)
      + minified_json = (known after apply)

      + statement {
          + actions   = [
              + "ssm:GetParameter",
              + "ssm:GetParameterHistory",
              + "ssm:GetParameters",
            ]
          + resources = [
              + (known after apply),
              + (known after apply),
              + (known after apply),
              + (known after apply),
              + (known after apply),
            ]
        }
      + statement {
          + actions   = [
              + "kms:Decrypt",
            ]
          + resources = [
              + "*",
            ]

          + condition {
              + test     = "StringEquals"
              + values   = [
                  + "ssm.ap-south-1.amazonaws.com",
                ]
              + variable = "kms:ViaService"
            }
        }
      + statement {
          + actions   = [
              + "s3:ListBucket",
            ]
          + resources = [
              + (known after apply),
            ]
        }
      + statement {
          + actions   = [
              + "s3:DeleteObject",
              + "s3:GetObject",
              + "s3:PutObject",
            ]
          + resources = [
              + (known after apply),
            ]
        }
    }

  # aws_autoscaling_group.asg will be updated in-place
  ~ resource "aws_autoscaling_group" "asg" {
      ~ desired_capacity                 = 0 -> 2
        id                               = "AppStack-asg"
      ~ max_size                         = 0 -> 4
      ~ min_size                         = 0 -> 2
        name                             = "AppStack-asg"
        # (28 unchanged attributes hidden)

        # (6 unchanged blocks hidden)
    }

  # aws_autoscaling_policy.cpu_target will be created
  + resource "aws_autoscaling_policy" "cpu_target" {
      + arn                     = (known after apply)
      + autoscaling_group_name  = "AppStack-asg"
      + enabled                 = true
      + id                      = (known after apply)
      + metric_aggregation_type = (known after apply)
      + name                    = "AppStack-cpu-target"
      + policy_type             = "TargetTrackingScaling"

      + target_tracking_configuration {
          + disable_scale_in = false
          + target_value     = 60

          + predefined_metric_specification {
              + predefined_metric_type = "ASGAverageCPUUtilization"
            }
        }
    }

  # aws_cloudwatch_metric_alarm.alb_5xx will be created
  + resource "aws_cloudwatch_metric_alarm" "alb_5xx" {
      + actions_enabled                       = true
      + alarm_actions                         = (known after apply)
      + alarm_name                            = "AppStack-alb-5xx"
      + arn                                   = (known after apply)
      + comparison_operator                   = "GreaterThanThreshold"
      + dimensions                            = (known after apply)
      + evaluate_low_sample_count_percentiles = (known after apply)
      + evaluation_periods                    = 1
      + id                                    = (known after apply)
      + metric_name                           = "HTTPCode_Target_5XX_Count"
      + namespace                             = "AWS/ApplicationELB"
      + ok_actions                            = (known after apply)
      + period                                = 60
      + statistic                             = "Sum"
      + tags_all                              = (known after apply)
      + threshold                             = 5
      + treat_missing_data                    = "missing"
    }

  # aws_cloudwatch_metric_alarm.asg_cpu_high will be created
  + resource "aws_cloudwatch_metric_alarm" "asg_cpu_high" {
      + actions_enabled                       = true
      + alarm_actions                         = (known after apply)
      + alarm_name                            = "AppStack-asg-cpu-high"
      + arn                                   = (known after apply)
      + comparison_operator                   = "GreaterThanThreshold"
      + dimensions                            = {
          + "AutoScalingGroupName" = "AppStack-asg"
        }
      + evaluate_low_sample_count_percentiles = (known after apply)
      + evaluation_periods                    = 2
      + id                                    = (known after apply)
      + metric_name                           = "CPUUtilization"
      + namespace                             = "AWS/EC2"
      + ok_actions                            = (known after apply)
      + period                                = 60
      + statistic                             = "Average"
      + tags_all                              = (known after apply)
      + threshold                             = 70
      + treat_missing_data                    = "missing"
    }

  # aws_db_instance.postgres will be created
  + resource "aws_db_instance" "postgres" {
      + address                               = (known after apply)
      + allocated_storage                     = 20
      + apply_immediately                     = false
      + arn                                   = (known after apply)
      + auto_minor_version_upgrade            = true
      + availability_zone                     = (known after apply)
      + backup_retention_period               = 0
      + backup_target                         = (known after apply)
      + backup_window                         = (known after apply)
      + ca_cert_identifier                    = (known after apply)
      + character_set_name                    = (known after apply)
      + copy_tags_to_snapshot                 = false
      + database_insights_mode                = (known after apply)
      + db_name                               = "appdb"
      + db_subnet_group_name                  = "appstack-db-subnet-group"
      + dedicated_log_volume                  = false
      + delete_automated_backups              = true
      + deletion_protection                   = false
      + domain_fqdn                           = (known after apply)
      + endpoint                              = (known after apply)
      + engine                                = "postgres"
      + engine_lifecycle_support              = (known after apply)
      + engine_version                        = "15"
      + engine_version_actual                 = (known after apply)
      + hosted_zone_id                        = (known after apply)
      + id                                    = (known after apply)
      + identifier                            = "appstack-postgres"
      + identifier_prefix                     = (known after apply)
      + instance_class                        = "db.t3.micro"
      + iops                                  = (known after apply)
      + kms_key_id                            = (known after apply)
      + latest_restorable_time                = (known after apply)
      + license_model                         = (known after apply)
      + listener_endpoint                     = (known after apply)
      + maintenance_window                    = (known after apply)
      + master_user_secret                    = (known after apply)
      + master_user_secret_kms_key_id         = (known after apply)
      + monitoring_interval                   = 0
      + monitoring_role_arn                   = (known after apply)
      + multi_az                              = true
      + nchar_character_set_name              = (known after apply)
      + network_type                          = (known after apply)
      + option_group_name                     = (known after apply)
      + parameter_group_name                  = (known after apply)
      + password                              = (sensitive value)
      + password_wo                           = (write-only attribute)
      + performance_insights_enabled          = false
      + performance_insights_kms_key_id       = (known after apply)
      + performance_insights_retention_period = (known after apply)
      + port                                  = 5432
      + publicly_accessible                   = false
      + replica_mode                          = (known after apply)
      + replicas                              = (known after apply)
      + resource_id                           = (known after apply)
      + skip_final_snapshot                   = true
      + snapshot_identifier                   = (known after apply)
      + status                                = (known after apply)
      + storage_encrypted                     = true
      + storage_throughput                    = (known after apply)
      + storage_type                          = (known after apply)
      + tags                                  = {
          + "Project" = "AppStack"
        }
      + tags_all                              = {
          + "Project" = "AppStack"
        }
      + timezone                              = (known after apply)
      + username                              = "appuser"
      + vpc_security_group_ids                = [
          + "sg-0e9725ac61c9d0aec",
        ]
    }

  # aws_eip.nat will be created
  + resource "aws_eip" "nat" {
      + allocation_id        = (known after apply)
      + arn                  = (known after apply)
      + association_id       = (known after apply)
      + carrier_ip           = (known after apply)
      + customer_owned_ip    = (known after apply)
      + domain               = "vpc"
      + id                   = (known after apply)
      + instance             = (known after apply)
      + ipam_pool_id         = (known after apply)
      + network_border_group = (known after apply)
      + network_interface    = (known after apply)
      + private_dns          = (known after apply)
      + private_ip           = (known after apply)
      + ptr_record           = (known after apply)
      + public_dns           = (known after apply)
      + public_ip            = (known after apply)
      + public_ipv4_pool     = (known after apply)
      + tags                 = {
          + "Name"    = "AppStack-nat-eip"
          + "Project" = "AppStack"
        }
      + tags_all             = {
          + "Name"    = "AppStack-nat-eip"
          + "Project" = "AppStack"
        }
      + vpc                  = (known after apply)
    }

  # aws_iam_role_policy.ec2_inline will be created
  + resource "aws_iam_role_policy" "ec2_inline" {
      + id          = (known after apply)
      + name        = "AppStack-inline"
      + name_prefix = (known after apply)
      + policy      = (known after apply)
      + role        = "AppStack-ec2-role"
    }

  # aws_iam_role_policy_attachment.cw_agent will be created
  + resource "aws_iam_role_policy_attachment" "cw_agent" {
      + id         = (known after apply)
      + policy_arn = "arn:aws:iam::aws:policy/CloudWatchAgentServerPolicy"
      + role       = "AppStack-ec2-role"
    }

  # aws_iam_role_policy_attachment.ssm will be created
  + resource "aws_iam_role_policy_attachment" "ssm" {
      + id         = (known after apply)
      + policy_arn = "arn:aws:iam::aws:policy/AmazonSSMManagedInstanceCore"
      + role       = "AppStack-ec2-role"
    }

  # aws_internet_gateway.igw will be created
  + resource "aws_internet_gateway" "igw" {
      + arn      = (known after apply)
      + id       = (known after apply)
      + owner_id = (known after apply)
      + tags     = {
          + "Name"    = "AppStack-igw"
          + "Project" = "AppStack"
        }
      + tags_all = {
          + "Name"    = "AppStack-igw"
          + "Project" = "AppStack"
        }
      + vpc_id   = "vpc-0afbd9b457d46e908"
    }

  # aws_lb.alb will be created
  + resource "aws_lb" "alb" {
      + arn                                                          = (known after apply)
      + arn_suffix                                                   = (known after apply)
      + client_keep_alive                                            = 3600
      + desync_mitigation_mode                                       = "defensive"
      + dns_name                                                     = (known after apply)
      + drop_invalid_header_fields                                   = false
      + enable_deletion_protection                                   = false
      + enable_http2                                                 = true
      + enable_tls_version_and_cipher_suite_headers                  = false
      + enable_waf_fail_open                                         = false
      + enable_xff_client_port                                       = false
      + enable_zonal_shift                                           = false
      + enforce_security_group_inbound_rules_on_private_link_traffic = (known after apply)
      + id                                                           = (known after apply)
      + idle_timeout                                                 = 60
      + internal                                                     = (known after apply)
      + ip_address_type                                              = (known after apply)
      + load_balancer_type                                           = "application"
      + name                                                         = "AppStack-alb"
      + name_prefix                                                  = (known after apply)
      + preserve_host_header                                         = false
      + security_groups                                              = [
          + "sg-03362475229a740a3",
        ]
      + subnets                                                      = (known after apply)
      + tags                                                         = {
          + "Project" = "AppStack"
        }
      + tags_all                                                     = {
          + "Project" = "AppStack"
        }
      + vpc_id                                                       = (known after apply)
      + xff_header_processing_mode                                   = "append"
      + zone_id                                                      = (known after apply)

      + subnet_mapping (known after apply)
    }

  # aws_lb_listener.http will be created
  + resource "aws_lb_listener" "http" {
      + arn                                                                   = (known after apply)
      + id                                                                    = (known after apply)
      + load_balancer_arn                                                     = (known after apply)
      + port                                                                  = 80
      + protocol                                                              = "HTTP"
      + routing_http_request_x_amzn_mtls_clientcert_header_name               = (known after apply)
      + routing_http_request_x_amzn_mtls_clientcert_issuer_header_name        = (known after apply)
      + routing_http_request_x_amzn_mtls_clientcert_leaf_header_name          = (known after apply)
      + routing_http_request_x_amzn_mtls_clientcert_serial_number_header_name = (known after apply)
      + routing_http_request_x_amzn_mtls_clientcert_subject_header_name       = (known after apply)
      + routing_http_request_x_amzn_mtls_clientcert_validity_header_name      = (known after apply)
      + routing_http_request_x_amzn_tls_cipher_suite_header_name              = (known after apply)
      + routing_http_request_x_amzn_tls_version_header_name                   = (known after apply)
      + routing_http_response_access_control_allow_credentials_header_value   = (known after apply)
      + routing_http_response_access_control_allow_headers_header_value       = (known after apply)
      + routing_http_response_access_control_allow_methods_header_value       = (known after apply)
      + routing_http_response_access_control_allow_origin_header_value        = (known after apply)
      + routing_http_response_access_control_expose_headers_header_value      = (known after apply)
      + routing_http_response_access_control_max_age_header_value             = (known after apply)
      + routing_http_response_content_security_policy_header_value            = (known after apply)
      + routing_http_response_server_enabled                                  = (known after apply)
      + routing_http_response_strict_transport_security_header_value          = (known after apply)
      + routing_http_response_x_content_type_options_header_value             = (known after apply)
      + routing_http_response_x_frame_options_header_value                    = (known after apply)
      + ssl_policy                                                            = (known after apply)
      + tags_all                                                              = (known after apply)
      + tcp_idle_timeout_seconds                                              = (known after apply)

      + default_action {
          + order            = (known after apply)
          + target_group_arn = "arn:aws:elasticloadbalancing:ap-south-1:523883707662:targetgroup/AppStack-tg/2dcaac0eebf1d14d"
          + type             = "forward"
        }

      + mutual_authentication (known after apply)
    }

  # aws_nat_gateway.nat will be created
  + resource "aws_nat_gateway" "nat" {
      + allocation_id                      = (known after apply)
      + association_id                     = (known after apply)
      + connectivity_type                  = "public"
      + id                                 = (known after apply)
      + network_interface_id               = (known after apply)
      + private_ip                         = (known after apply)
      + public_ip                          = (known after apply)
      + secondary_private_ip_address_count = (known after apply)
      + secondary_private_ip_addresses     = (known after apply)
      + subnet_id                          = (known after apply)
      + tags                               = {
          + "Name"    = "AppStack-nat"
          + "Project" = "AppStack"
        }
      + tags_all                           = {
          + "Name"    = "AppStack-nat"
          + "Project" = "AppStack"
        }
    }

  # aws_route.private_nat will be created
  + resource "aws_route" "private_nat" {
      + destination_cidr_block = "0.0.0.0/0"
      + id                     = (known after apply)
      + instance_id            = (known after apply)
      + instance_owner_id      = (known after apply)
      + nat_gateway_id         = (known after apply)
      + network_interface_id   = (known after apply)
      + origin                 = (known after apply)
      + route_table_id         = (known after apply)
      + state                  = (known after apply)
    }

  # aws_route.public_internet will be created
  + resource "aws_route" "public_internet" {
      + destination_cidr_block = "0.0.0.0/0"
      + gateway_id             = (known after apply)
      + id                     = (known after apply)
      + instance_id            = (known after apply)
      + instance_owner_id      = (known after apply)
      + network_interface_id   = (known after apply)
      + origin                 = (known after apply)
      + route_table_id         = (known after apply)
      + state                  = (known after apply)
    }

  # aws_route_table.private will be created
  + resource "aws_route_table" "private" {
      + arn              = (known after apply)
      + id               = (known after apply)
      + owner_id         = (known after apply)
      + propagating_vgws = (known after apply)
      + route            = (known after apply)
      + tags             = {
          + "Name"    = "AppStack-private-rt"
          + "Project" = "AppStack"
        }
      + tags_all         = {
          + "Name"    = "AppStack-private-rt"
          + "Project" = "AppStack"
        }
      + vpc_id           = "vpc-0afbd9b457d46e908"
    }

  # aws_route_table.public will be created
  + resource "aws_route_table" "public" {
      + arn              = (known after apply)
      + id               = (known after apply)
      + owner_id         = (known after apply)
      + propagating_vgws = (known after apply)
      + route            = (known after apply)
      + tags             = {
          + "Name"    = "AppStack-public-rt"
          + "Project" = "AppStack"
        }
      + tags_all         = {
          + "Name"    = "AppStack-public-rt"
          + "Project" = "AppStack"
        }
      + vpc_id           = "vpc-0afbd9b457d46e908"
    }

  # aws_route_table_association.private_assoc[0] will be created
  + resource "aws_route_table_association" "private_assoc" {
      + id             = (known after apply)
      + route_table_id = (known after apply)
      + subnet_id      = "subnet-072ad4dc4e7d59282"
    }

  # aws_route_table_association.private_assoc[1] will be created
  + resource "aws_route_table_association" "private_assoc" {
      + id             = (known after apply)
      + route_table_id = (known after apply)
      + subnet_id      = "subnet-00c47fdf0413c8150"
    }

  # aws_route_table_association.public_assoc[0] will be created
  + resource "aws_route_table_association" "public_assoc" {
      + id             = (known after apply)
      + route_table_id = (known after apply)
      + subnet_id      = (known after apply)
    }

  # aws_route_table_association.public_assoc[1] will be created
  + resource "aws_route_table_association" "public_assoc" {
      + id             = (known after apply)
      + route_table_id = (known after apply)
      + subnet_id      = (known after apply)
    }

  # aws_s3_bucket.static will be created
  + resource "aws_s3_bucket" "static" {
      + acceleration_status         = (known after apply)
      + acl                         = (known after apply)
      + arn                         = (known after apply)
      + bucket                      = "pavi-appstack-2025-unique-static"
      + bucket_domain_name          = (known after apply)
      + bucket_prefix               = (known after apply)
      + bucket_regional_domain_name = (known after apply)
      + force_destroy               = false
      + hosted_zone_id              = (known after apply)
      + id                          = (known after apply)
      + object_lock_enabled         = (known after apply)
      + policy                      = (known after apply)
      + region                      = (known after apply)
      + request_payer               = (known after apply)
      + tags                        = {
          + "Name"    = "AppStack-static"
          + "Project" = "AppStack"
        }
      + tags_all                    = {
          + "Name"    = "AppStack-static"
          + "Project" = "AppStack"
        }
      + website_domain              = (known after apply)
      + website_endpoint            = (known after apply)

      + cors_rule (known after apply)

      + grant (known after apply)

      + lifecycle_rule (known after apply)

      + logging (known after apply)

      + object_lock_configuration (known after apply)

      + replication_configuration (known after apply)

      + server_side_encryption_configuration (known after apply)

      + versioning (known after apply)

      + website (known after apply)
    }

  # aws_s3_bucket_public_access_block.static will be created
  + resource "aws_s3_bucket_public_access_block" "static" {
      + block_public_acls       = true
      + block_public_policy     = true
      + bucket                  = (known after apply)
      + id                      = (known after apply)
      + ignore_public_acls      = true
      + restrict_public_buckets = true
    }

  # aws_s3_bucket_server_side_encryption_configuration.static will be created
  + resource "aws_s3_bucket_server_side_encryption_configuration" "static" {
      + bucket = (known after apply)
      + id     = (known after apply)

      + rule {
          + apply_server_side_encryption_by_default {
              + sse_algorithm     = "AES256"
                # (1 unchanged attribute hidden)
            }
        }
    }

  # aws_s3_bucket_versioning.static will be created
  + resource "aws_s3_bucket_versioning" "static" {
      + bucket = (known after apply)
      + id     = (known after apply)

      + versioning_configuration {
          + mfa_delete = (known after apply)
          + status     = "Enabled"
        }
    }

  # aws_sns_topic.alarms will be created
  + resource "aws_sns_topic" "alarms" {
      + arn                         = (known after apply)
      + beginning_archive_time      = (known after apply)
      + content_based_deduplication = false
      + fifo_throughput_scope       = (known after apply)
      + fifo_topic                  = false
      + id                          = (known after apply)
      + name                        = "AppStack-alarms"
      + name_prefix                 = (known after apply)
      + owner                       = (known after apply)
      + policy                      = (known after apply)
      + signature_version           = (known after apply)
      + tags                        = {
          + "Project" = "AppStack"
        }
      + tags_all                    = {
          + "Project" = "AppStack"
        }
      + tracing_config              = (known after apply)
    }

  # aws_ssm_parameter.db_host will be created
  + resource "aws_ssm_parameter" "db_host" {
      + arn            = (known after apply)
      + data_type      = (known after apply)
      + has_value_wo   = (known after apply)
      + id             = (known after apply)
      + insecure_value = (known after apply)
      + key_id         = (known after apply)
      + name           = "/AppStack/db_host"
      + tags           = {
          + "Project" = "AppStack"
        }
      + tags_all       = {
          + "Project" = "AppStack"
        }
      + tier           = (known after apply)
      + type           = "String"
      + value          = (sensitive value)
      + value_wo       = (write-only attribute)
      + version        = (known after apply)
    }

  # aws_ssm_parameter.db_name will be created
  + resource "aws_ssm_parameter" "db_name" {
      + arn            = (known after apply)
      + data_type      = (known after apply)
      + has_value_wo   = (known after apply)
      + id             = (known after apply)
      + insecure_value = (known after apply)
      + key_id         = (known after apply)
      + name           = "/AppStack/db_name"
      + tags           = {
          + "Project" = "AppStack"
        }
      + tags_all       = {
          + "Project" = "AppStack"
        }
      + tier           = (known after apply)
      + type           = "String"
      + value          = (sensitive value)
      + value_wo       = (write-only attribute)
      + version        = (known after apply)
    }

  # aws_ssm_parameter.db_password will be created
  + resource "aws_ssm_parameter" "db_password" {
      + arn            = (known after apply)
      + data_type      = (known after apply)
      + has_value_wo   = (known after apply)
      + id             = (known after apply)
      + insecure_value = (known after apply)
      + key_id         = (known after apply)
      + name           = "/AppStack/db_password"
      + tags           = {
          + "Project" = "AppStack"
        }
      + tags_all       = {
          + "Project" = "AppStack"
        }
      + tier           = (known after apply)
      + type           = "SecureString"
      + value          = (sensitive value)
      + value_wo       = (write-only attribute)
      + version        = (known after apply)
    }

  # aws_ssm_parameter.db_user will be created
  + resource "aws_ssm_parameter" "db_user" {
      + arn            = (known after apply)
      + data_type      = (known after apply)
      + has_value_wo   = (known after apply)
      + id             = (known after apply)
      + insecure_value = (known after apply)
      + key_id         = (known after apply)
      + name           = "/AppStack/db_user"
      + tags           = {
          + "Project" = "AppStack"
        }
      + tags_all       = {
          + "Project" = "AppStack"
        }
      + tier           = (known after apply)
      + type           = "String"
      + value          = (sensitive value)
      + value_wo       = (write-only attribute)
      + version        = (known after apply)
    }

  # aws_ssm_parameter.static_bucket will be created
  + resource "aws_ssm_parameter" "static_bucket" {
      + arn            = (known after apply)
      + data_type      = (known after apply)
      + has_value_wo   = (known after apply)
      + id             = (known after apply)
      + insecure_value = (known after apply)
      + key_id         = (known after apply)
      + name           = "/AppStack/static_bucket"
      + tags           = {
          + "Project" = "AppStack"
        }
      + tags_all       = {
          + "Project" = "AppStack"
        }
      + tier           = (known after apply)
      + type           = "String"
      + value          = (sensitive value)
      + value_wo       = (write-only attribute)
      + version        = (known after apply)
    }

  # aws_subnet.public[0] will be created
  + resource "aws_subnet" "public" {
      + arn                                            = (known after apply)
      + assign_ipv6_address_on_creation                = false
      + availability_zone                              = "ap-south-1a"
      + availability_zone_id                           = (known after apply)
      + cidr_block                                     = "10.0.1.0/24"
      + enable_dns64                                   = false
      + enable_resource_name_dns_a_record_on_launch    = false
      + enable_resource_name_dns_aaaa_record_on_launch = false
      + id                                             = (known after apply)
      + ipv6_cidr_block_association_id                 = (known after apply)
      + ipv6_native                                    = false
      + map_public_ip_on_launch                        = true
      + owner_id                                       = (known after apply)
      + private_dns_hostname_type_on_launch            = (known after apply)
      + tags                                           = {
          + "Name"    = "AppStack-public-1"
          + "Project" = "AppStack"
        }
      + tags_all                                       = {
          + "Name"    = "AppStack-public-1"
          + "Project" = "AppStack"
        }
      + vpc_id                                         = "vpc-0afbd9b457d46e908"
    }

  # aws_subnet.public[1] will be created
  + resource "aws_subnet" "public" {
      + arn                                            = (known after apply)
      + assign_ipv6_address_on_creation                = false
      + availability_zone                              = "ap-south-1b"
      + availability_zone_id                           = (known after apply)
      + cidr_block                                     = "10.0.2.0/24"
      + enable_dns64                                   = false
      + enable_resource_name_dns_a_record_on_launch    = false
      + enable_resource_name_dns_aaaa_record_on_launch = false
      + id                                             = (known after apply)
      + ipv6_cidr_block_association_id                 = (known after apply)
      + ipv6_native                                    = false
      + map_public_ip_on_launch                        = true
      + owner_id                                       = (known after apply)
      + private_dns_hostname_type_on_launch            = (known after apply)
      + tags                                           = {
          + "Name"    = "AppStack-public-2"
          + "Project" = "AppStack"
        }
      + tags_all                                       = {
          + "Name"    = "AppStack-public-2"
          + "Project" = "AppStack"
        }
      + vpc_id                                         = "vpc-0afbd9b457d46e908"
    }

  # aws_wafv2_web_acl.waf will be created
  + resource "aws_wafv2_web_acl" "waf" {
      + application_integration_url = (known after apply)
      + arn                         = (known after apply)
      + capacity                    = (known after apply)
      + id                          = (known after apply)
      + lock_token                  = (known after apply)
      + name                        = "AppStack-waf"
      + name_prefix                 = (known after apply)
      + scope                       = "REGIONAL"
      + tags                        = {
          + "Project" = "AppStack"
        }
      + tags_all                    = {
          + "Project" = "AppStack"
        }

      + default_action {
          + allow {
            }
        }

      + rule {
          + name     = "AWSManagedRulesCommonRuleSet"
          + priority = 1

          + override_action {
              + none {}
            }

          + statement {
              + managed_rule_group_statement {
                  + name        = "AWSManagedRulesCommonRuleSet"
                  + vendor_name = "AWS"
                    # (1 unchanged attribute hidden)
                }
            }

          + visibility_config {
              + cloudwatch_metrics_enabled = true
              + metric_name                = "AppStack-common"
              + sampled_requests_enabled   = true
            }
        }

      + visibility_config {
          + cloudwatch_metrics_enabled = true
          + metric_name                = "AppStack-waf"
          + sampled_requests_enabled   = true
        }
    }

  # aws_wafv2_web_acl_association.alb will be created
  + resource "aws_wafv2_web_acl_association" "alb" {
      + id           = (known after apply)
      + resource_arn = (known after apply)
      + web_acl_arn  = (known after apply)
    }

Plan: 34 to add, 1 to change, 0 to destroy.

Changes to Outputs:
  + alb_dns_name    = (known after apply)
  + application_url = (known after apply)
  + db_host         = (known after apply)
  + ssm_prefix      = "/AppStack"
  + static_bucket   = "pavi-appstack-2025-unique-static"
  + waf_arn         = (known after apply)
